version = 1
revision = 3
requires-python = ">=3.10"

[[package]]
name = "panda-downloader"
version = "2.0.0"
source = { editable = "." }
dependencies = [
    { name = "yt-dlp" },
]

[package.metadata]
requires-dist = [{ name = "yt-dlp", specifier = ">=2024.1.0" }]

[[package]]
name = "yt-dlp"
version = "2026.7.4"
source = { registry = "https://pypi.org/simple" }
sdist = { url = "https://files.pythonhosted.org/packages/47/c5/9972af4b472b0d55badf841ebafd2f98944cb0ae0f46e11d01f363ea5b91/yt_dlp-2026.7.4.tar.gz", hash = "sha256:b094813404f87a9dd2186f00815231df32e5fd8a5403be0f807b3bb2d21a4432", size = 3049326, upload-time = "2026-07-04T22:42:14.837Z" }
wheels = [
    { url = "https://files.pythonhosted.org/packages/f9/8a/cd4c9b02c10c563adfe78118310129641900e1cd6de888cfae2452072696/yt_dlp-2026.7.4-py3-none-any.whl", hash = "sha256:f11f2b11d5a8ac4059f9bdf29fa4407dc7c6bb00c5097e95ca22a7a9db518266", size = 3184705, upload-time = "2026-07-04T22:42:12.989Z" },
]
